PODS:
  - Alamofire (4.4.0)
  - Bolts (1.8.4):
    - Bolts/AppLinks (= 1.8.4)
    - Bolts/Tasks (= 1.8.4)
  - Bolts/AppLinks (1.8.4):
    - Bolts/Tasks
  - Bolts/Tasks (1.8.4)
  - Charts (3.0.1):
    - Charts/Core (= 3.0.1)
  - Charts/Core (3.0.1)
  - CodePush (2.0.3):
    - CodePush/Core (= 2.0.3)
    - CodePush/SSZipArchive (= 2.0.3)
    - React
  - CodePush/Core (2.0.3):
    - React
  - CodePush/SSZipArchive (2.0.3):
    - React
  - FacebookCore (0.2.0):
    - Bolts (~> 1.8)
    - FBSDKCoreKit (~> 4.15)
  - FacebookLogin (0.2.0):
    - Bolts (~> 1.8)
    - FacebookCore (~> 0.2)
    - FBSDKCoreKit (~> 4.15)
    - FBSDKLoginKit (~> 4.15)
  - FacebookShare (0.2.0):
    - Bolts (~> 1.8)
    - FacebookCore (~> 0.2)
    - FBSDKCoreKit (~> 4.15)
    - FBSDKShareKit (~> 4.15)
  - FBSDKCoreKit (4.20.2):
    - Bolts (~> 1.7)
  - FBSDKLoginKit (4.20.2):
    - FBSDKCoreKit
  - FBSDKShareKit (4.20.2):
    - FBSDKCoreKit
  - Firebase/Auth (3.15.0):
    - Firebase/Core
    - FirebaseAuth (= 3.1.1)
  - Firebase/Core (3.15.0):
    - FirebaseAnalytics (= 3.7.0)
    - FirebaseCore (= 3.5.2)
  - Firebase/Database (3.15.0):
    - Firebase/Core
    - FirebaseDatabase (= 3.1.2)
  - FirebaseAnalytics (3.7.0):
    - FirebaseCore (~> 3.5)
    - FirebaseInstanceID (~> 1.0)
    - GoogleToolboxForMac/NSData+zlib (~> 2.1)
  - FirebaseAuth (3.1.1):
    - FirebaseAnalytics (~> 3.7)
    - GoogleToolboxForMac/NSDictionary+URLArguments (~> 2.1)
    - GTMSessionFetcher/Core (~> 1.1)
  - FirebaseCore (3.5.2):
    - GoogleToolboxForMac/NSData+zlib (~> 2.1)
  - FirebaseDatabase (3.1.2):
    - FirebaseAnalytics (~> 3.7)
  - FirebaseInstanceID (1.0.9)
  - GoogleToolboxForMac/DebugUtils (2.1.1):
    - GoogleToolboxForMac/Defines (= 2.1.1)
  - GoogleToolboxForMac/Defines (2.1.1)
  - GoogleToolboxForMac/NSData+zlib (2.1.1):
    - GoogleToolboxForMac/Defines (= 2.1.1)
  - GoogleToolboxForMac/NSDictionary+URLArguments (2.1.1):
    - GoogleToolboxForMac/DebugUtils (= 2.1.1)
    - GoogleToolboxForMac/Defines (= 2.1.1)
    - GoogleToolboxForMac/NSString+URLArguments (= 2.1.1)
  - GoogleToolboxForMac/NSString+URLArguments (2.1.1)
  - GTMSessionFetcher/Core (1.1.9)
  - Kingfisher (3.7.2)
  - React (0.43.4):
    - React/Core (= 0.43.4)
  - React/Core (0.43.4):
    - React/cxxreact
    - Yoga (= 0.43.4.React)
  - React/cxxreact (0.43.4):
    - React/jschelpers
  - React/jschelpers (0.43.4)
  - React/RCTAnimation (0.43.4):
    - React/Core
  - React/RCTImage (0.43.4):
    - React/Core
    - React/RCTNetwork
  - React/RCTLinkingIOS (0.43.4):
    - React/Core
  - React/RCTNetwork (0.43.4):
    - React/Core
  - React/RCTText (0.43.4):
    - React/Core
  - React/RCTWebSocket (0.43.4):
    - React/Core
  - RxBluetoothKit (3.0.7):
    - RxSwift (~> 3.2)
  - RxSwift (3.3.1)
  - Yoga (0.43.4.React)

DEPENDENCIES:
  - Alamofire (~> 4.4)
  - Charts
  - CodePush (from `./node_modules/react-native-code-push`)
  - FacebookCore
  - FacebookLogin
  - FacebookShare
  - Firebase/Auth
  - Firebase/Core
  - Firebase/Database
  - Kingfisher (~> 3.0)
  - React/Core (from `./node_modules/react-native`)
  - React/RCTAnimation (from `./node_modules/react-native`)
  - React/RCTImage (from `./node_modules/react-native`)
  - React/RCTLinkingIOS (from `./node_modules/react-native`)
  - React/RCTNetwork (from `./node_modules/react-native`)
  - React/RCTText (from `./node_modules/react-native`)
  - React/RCTWebSocket (from `./node_modules/react-native`)
  - RxBluetoothKit
  - RxSwift (~> 3.0)
  - Yoga (from `./node_modules/react-native/ReactCommon/yoga`)

EXTERNAL SOURCES:
  CodePush:
    :path: ./node_modules/react-native-code-push
  React:
    :path: ./node_modules/react-native
  Yoga:
    :path: ./node_modules/react-native/ReactCommon/yoga

SPEC CHECKSUMS:
  Alamofire: dc44b1600b800eb63da6a19039a0083d62a6a62d
  Bolts: 8a7995239dbe724f9cba2248b766d48b7ebdd322
  Charts: 0e84f4418e87dad6a9edde221fba37ebb51d3ba7
  CodePush: 2e2ffb214ddd52d13ab67e134945811f8ba316f2
  FacebookCore: 2cb3f0fbff218e9d3119cec84bae983b232412de
  FacebookLogin: c9d606504735780a9e3002465a615512e0a691a5
  FacebookShare: 8e9ee8ea06505e6a1d3d719b0cc63e840fb8aaeb
  FBSDKCoreKit: 82eac696eb6157da5f4266c3a241f00e9bd72471
  FBSDKLoginKit: 2211bede07c83391349eacc1fd86cf6d9289ce38
  FBSDKShareKit: ca9b22264ea49a896dafb2467c1a4f72aa41996f
  Firebase: 2b1cdfba1cda8589f32904a697cc753322bff9d8
  FirebaseAnalytics: 0d1b7d81d5021155be37702a94ba1ec16d45365d
  FirebaseAuth: cc8a1824170adbd351edb7f994490a3fb5c18be6
  FirebaseCore: a024587e43778508700af8c6b1209f7c4516ba02
  FirebaseDatabase: 05c96d7b43a7368dc91c07791adb49683e1738d1
  FirebaseInstanceID: 2d0518b1378fe9d685ef40cbdd63d2fdc1125339
  GoogleToolboxForMac: 8e329f1b599f2512c6b10676d45736bcc2cbbeb0
  GTMSessionFetcher: 5c046c76a1f859bc9c187e918f18e4fc7bb57b5e
  Kingfisher: 5ddc4ac715615cc200de9fdc54ab1511061ea650
  React: 607aa7eb8b0e44b102f95f43fd49dc8aedefa93f
  RxBluetoothKit: edf26cc5a1edbee8eff59cb9d0af88ac4e95c847
  RxSwift: 8fc9f2de6275a9101d518444e00bf32f1a42caac
  Yoga: 2a70bc5ab41486a272b9fd5b76c482ba9268c5dd

PODFILE CHECKSUM: bea19c483929fea4f771c0836fb3737d5e54f715

COCOAPODS: 1.2.0
